// !$*UTF8*$!
{
	archiveVersion = 1;
	classes = {
	};
	objectVersion = 56;
	objects = {

/* Begin PBXBuildFile section */
		CED1C9F72C4055AE0096AC05 /* AppDelegate.swift in Sources */ = {isa = PBXBuildFile; fileRef = CED1C9F62C4055AE0096AC05 /* AppDelegate.swift */; };
		CED1C9F92C4055AE0096AC05 /* SceneDelegate.swift in Sources */ = {isa = PBXBuildFile; fileRef = CED1C9F82C4055AE0096AC05 /* SceneDelegate.swift */; };
		CED1C9FB2C4055AE0096AC05 /* ViewController.swift in Sources */ = {isa = PBXBuildFile; fileRef = CED1C9FA2C4055AE0096AC05 /* ViewController.swift */; };
		CED1C9FE2C4055AE0096AC05 /* Base in Resources */ = {isa = PBXBuildFile; fileRef = CED1C9FD2C4055AE0096AC05 /* Base */; };
		CED1CA002C4055B00096AC05 /* Assets.xcassets in Resources */ = {isa = PBXBuildFile; fileRef = CED1C9FF2C4055B00096AC05 /* Assets.xcassets */; };
		CED1CA032C4055B00096AC05 /* Base in Resources */ = {isa = PBXBuildFile; fileRef = CED1CA022C4055B00096AC05 /* Base */; };
		CED1CA0E2C4055B10096AC05 /* Clean_MVVM_modelTests.swift in Sources */ = {isa = PBXBuildFile; fileRef = CED1CA0D2C4055B10096AC05 /* Clean_MVVM_modelTests.swift */; };
		CED1CA182C4055B10096AC05 /* Clean_MVVM_modelUITests.swift in Sources */ = {isa = PBXBuildFile; fileRef = CED1CA172C4055B10096AC05 /* Clean_MVVM_modelUITests.swift */; };
		CED1CA1A2C4055B10096AC05 /* Clean_MVVM_modelUITestsLaunchTests.swift in Sources */ = {isa = PBXBuildFile; fileRef = CED1CA192C4055B10096AC05 /* Clean_MVVM_modelUITestsLaunchTests.swift */; };
/* End PBXBuildFile section */

/* Begin PBXContainerItemProxy section */
		CED1CA0A2C4055B10096AC05 /* PBXContainerItemProxy */ = {
			isa = PBXContainerItemProxy;
			containerPortal = CED1C9EB2C4055AE0096AC05 /* Project object */;
			proxyType = 1;
			remoteGlobalIDString = CED1C9F22C4055AE0096AC05;
			remoteInfo = "Clean MVVM-model";
		};
		CED1CA142C4055B10096AC05 /* PBXContainerItemProxy */ = {
			isa = PBXContainerItemProxy;
			containerPortal = CED1C9EB2C4055AE0096AC05 /* Project object */;
			proxyType = 1;
			remoteGlobalIDString = CED1C9F22C4055AE0096AC05;
			remoteInfo = "Clean MVVM-model";
		};
/* End PBXContainerItemProxy section */

/* Begin PBXFileReference section */
		CED1C9F32C4055AE0096AC05 /* Clean MVVM-model.app */ = {isa = PBXFileReference; explicitFileType = wrapper.application; includeInIndex = 0; path = "Clean MVVM-model.app"; sourceTree = BUILT_PRODUCTS_DIR; };
		CED1C9F62C4055AE0096AC05 /* AppDelegate.swift */ = {isa = PBXFileReference; lastKnownFileType = sourcecode.swift; path = AppDelegate.swift; sourceTree = "<group>"; };
		CED1C9F82C4055AE0096AC05 /* SceneDelegate.swift */ = {isa = PBXFileReference; lastKnownFileType = sourcecode.swift; path = SceneDelegate.swift; sourceTree = "<group>"; };
		CED1C9FA2C4055AE0096AC05 /* ViewController.swift */ = {isa = PBXFileReference; lastKnownFileType = sourcecode.swift; path = ViewController.swift; sourceTree = "<group>"; };
		CED1C9FD2C4055AE0096AC05 /* Base */ = {isa = PBXFileReference; lastKnownFileType = file.storyboard; name = Base; path = Base.lproj/Main.storyboard; sourceTree = "<group>"; };
		CED1C9FF2C4055B00096AC05 /* Assets.xcassets */ = {isa = PBXFileReference; lastKnownFileType = folder.assetcatalog; path = Assets.xcassets; sourceTree = "<group>"; };
		CED1CA022C4055B00096AC05 /* Base */ = {isa = PBXFileReference; lastKnownFileType = file.storyboard; name = Base; path = Base.lproj/LaunchScreen.storyboard; sourceTree = "<group>"; };
		CED1CA042C4055B00096AC05 /* Info.plist */ = {isa = PBXFileReference; lastKnownFileType = text.plist.xml; path = Info.plist; sourceTree = "<group>"; };
		CED1CA092C4055B10096AC05 /* Clean MVVM-modelTests.xctest */ = {isa = PBXFileReference; explicitFileType = wrapper.cfbundle; includeInIndex = 0; path = "Clean MVVM-modelTests.xctest"; sourceTree = BUILT_PRODUCTS_DIR; };
		CED1CA0D2C4055B10096AC05 /* Clean_MVVM_modelTests.swift */ = {isa = PBXFileReference; lastKnownFileType = sourcecode.swift; path = Clean_MVVM_modelTests.swift; sourceTree = "<group>"; };
		CED1CA132C4055B10096AC05 /* Clean MVVM-modelUITests.xctest */ = {isa = PBXFileReference; explicitFileType = wrapper.cfbundle; includeInIndex = 0; path = "Clean MVVM-modelUITests.xctest"; sourceTree = BUILT_PRODUCTS_DIR; };
		CED1CA172C4055B10096AC05 /* Clean_MVVM_modelUITests.swift */ = {isa = PBXFileReference; lastKnownFileType = sourcecode.swift; path = Clean_MVVM_modelUITests.swift; sourceTree = "<group>"; };
		CED1CA192C4055B10096AC05 /* Clean_MVVM_modelUITestsLaunchTests.swift */ = {isa = PBXFileReference; lastKnownFileType = sourcecode.swift; path = Clean_MVVM_modelUITestsLaunchTests.swift; sourceTree = "<group>"; };
/* End PBXFileReference section */

/* Begin PBXFrameworksBuildPhase section */
		CED1C9F02C4055AE0096AC05 /* Frameworks */ = {
			isa = PBXFrameworksBuildPhase;
			buildActionMask = 2147483647;
			files = (
			);
			runOnlyForDeploymentPostprocessing = 0;
		};
		CED1CA062C4055B10096AC05 /* Frameworks */ = {
			isa = PBXFrameworksBuildPhase;
			buildActionMask = 2147483647;
			files = (
			);
			runOnlyForDeploymentPostprocessing = 0;
		};
		CED1CA102C4055B10096AC05 /* Frameworks */ = {
			isa = PBXFrameworksBuildPhase;
			buildActionMask = 2147483647;
			files = (
			);
			runOnlyForDeploymentPostprocessing = 0;
		};
/* End PBXFrameworksBuildPhase section */

/* Begin PBXGroup section */
		CED1C9EA2C4055AE0096AC05 = {
			isa = PBXGroup;
			children = (
				CED1C9F52C4055AE0096AC05 /* Clean MVVM-model */,
				CED1CA0C2C4055B10096AC05 /* Clean MVVM-modelTests */,
				CED1CA162C4055B10096AC05 /* Clean MVVM-modelUITests */,
				CED1C9F42C4055AE0096AC05 /* Products */,
			);
			sourceTree = "<group>";
		};
		CED1C9F42C4055AE0096AC05 /* Products */ = {
			isa = PBXGroup;
			children = (
				CED1C9F32C4055AE0096AC05 /* Clean MVVM-model.app */,
				CED1CA092C4055B10096AC05 /* Clean MVVM-modelTests.xctest */,
				CED1CA132C4055B10096AC05 /* Clean MVVM-modelUITests.xctest */,
			);
			name = Products;
			sourceTree = "<group>";
		};
		CED1C9F52C4055AE0096AC05 /* Clean MVVM-model */ = {
			isa = PBXGroup;
			children = (
				CED1C9F62C4055AE0096AC05 /* AppDelegate.swift */,
				CED1C9F82C4055AE0096AC05 /* SceneDelegate.swift */,
				CED1C9FA2C4055AE0096AC05 /* ViewController.swift */,
				CED1C9FC2C4055AE0096AC05 /* Main.storyboard */,
				CED1C9FF2C4055B00096AC05 /* Assets.xcassets */,
				CED1CA012C4055B00096AC05 /* LaunchScreen.storyboard */,
				CED1CA042C4055B00096AC05 /* Info.plist */,
			);
			path = "Clean MVVM-model";
			sourceTree = "<group>";
		};
		CED1CA0C2C4055B10096AC05 /* Clean MVVM-modelTests */ = {
			isa = PBXGroup;
			children = (
				CED1CA0D2C4055B10096AC05 /* Clean_MVVM_modelTests.swift */,
			);
			path = "Clean MVVM-modelTests";
			sourceTree = "<group>";
		};
		CED1CA162C4055B10096AC05 /* Clean MVVM-modelUITests */ = {
			isa = PBXGroup;
			children = (
				CED1CA172C4055B10096AC05 /* Clean_MVVM_modelUITests.swift */,
				CED1CA192C4055B10096AC05 /* Clean_MVVM_modelUITestsLaunchTests.swift */,
			);
			path = "Clean MVVM-modelUITests";
			sourceTree = "<group>";
		};
/* End PBXGroup section */

/* Begin PBXNativeTarget section */
		CED1C9F22C4055AE0096AC05 /* Clean MVVM-model */ = {
			isa = PBXNativeTarget;
			buildConfigurationList = CED1CA1D2C4055B10096AC05 /* Build configuration list for PBXNativeTarget "Clean MVVM-model" */;
			buildPhases = (
				CED1C9EF2C4055AE0096AC05 /* Sources */,
				CED1C9F02C4055AE0096AC05 /* Frameworks */,
				CED1C9F12C4055AE0096AC05 /* Resources */,
			);
			buildRules = (
			);
			dependencies = (
			);
			name = "Clean MVVM-model";
			productName = "Clean MVVM-model";
			productReference = CED1C9F32C4055AE0096AC05 /* Clean MVVM-model.app */;
			productType = "com.apple.product-type.application";
		};
		CED1CA082C4055B10096AC05 /* Clean MVVM-modelTests */ = {
			isa = PBXNativeTarget;
			buildConfigurationList = CED1CA202C4055B10096AC05 /* Build configuration list for PBXNativeTarget "Clean MVVM-modelTests" */;
			buildPhases = (
				CED1CA052C4055B10096AC05 /* Sources */,
				CED1CA062C4055B10096AC05 /* Frameworks */,
				CED1CA072C4055B10096AC05 /* Resources */,
			);
			buildRules = (
			);
			dependencies = (
				CED1CA0B2C4055B10096AC05 /* PBXTargetDependency */,
			);
			name = "Clean MVVM-modelTests";
			productName = "Clean MVVM-modelTests";
			productReference = CED1CA092C4055B10096AC05 /* Clean MVVM-modelTests.xctest */;
			productType = "com.apple.product-type.bundle.unit-test";
		};
		CED1CA122C4055B10096AC05 /* Clean MVVM-modelUITests */ = {
			isa = PBXNativeTarget;
			buildConfigurationList = CED1CA232C4055B10096AC05 /* Build configuration list for PBXNativeTarget "Clean MVVM-modelUITests" */;
			buildPhases = (
				CED1CA0F2C4055B10096AC05 /* Sources */,
				CED1CA102C4055B10096AC05 /* Frameworks */,
				CED1CA112C4055B10096AC05 /* Resources */,
			);
			buildRules = (
			);
			dependencies = (
				CED1CA152C4055B10096AC05 /* PBXTargetDependency */,
			);
			name = "Clean MVVM-modelUITests";
			productName = "Clean MVVM-modelUITests";
			productReference = CED1CA132C4055B10096AC05 /* Clean MVVM-modelUITests.xctest */;
			productType = "com.apple.product-type.bundle.ui-testing";
		};
/* End PBXNativeTarget section */

/* Begin PBXProject section */
		CED1C9EB2C4055AE0096AC05 /* Project object */ = {
			isa = PBXProject;
			attributes = {
				BuildIndependentTargetsInParallel = 1;
				LastSwiftUpdateCheck = 1540;
				LastUpgradeCheck = 1540;
				TargetAttributes = {
					CED1C9F22C4055AE0096AC05 = {
						CreatedOnToolsVersion = 15.4;
					};
					CED1CA082C4055B10096AC05 = {
						CreatedOnToolsVersion = 15.4;
						TestTargetID = CED1C9F22C4055AE0096AC05;
					};
					CED1CA122C4055B10096AC05 = {
						CreatedOnToolsVersion = 15.4;
						TestTargetID = CED1C9F22C4055AE0096AC05;
					};
				};
			};
			buildConfigurationList = CED1C9EE2C4055AE0096AC05 /* Build configuration list for PBXProject "Clean MVVM-model" */;
			compatibilityVersion = "Xcode 14.0";
			developmentRegion = en;
			hasScannedForEncodings = 0;
			knownRegions = (
				en,
				Base,
			);
			mainGroup = CED1C9EA2C4055AE0096AC05;
			productRefGroup = CED1C9F42C4055AE0096AC05 /* Products */;
			projectDirPath = "";
			projectRoot = "";
			targets = (
				CED1C9F22C4055AE0096AC05 /* Clean MVVM-model */,
				CED1CA082C4055B10096AC05 /* Clean MVVM-modelTests */,
				CED1CA122C4055B10096AC05 /* Clean MVVM-modelUITests */,
			);
		};
/* End PBXProject section */

/* Begin PBXResourcesBuildPhase section */
		CED1C9F12C4055AE0096AC05 /* Resources */ = {
			isa = PBXResourcesBuildPhase;
			buildActionMask = 2147483647;
			files = (
				CED1CA002C4055B00096AC05 /* Assets.xcassets in Resources */,
				CED1CA032C4055B00096AC05 /* Base in Resources */,
				CED1C9FE2C4055AE0096AC05 /* Base in Resources */,
			);
			runOnlyForDeploymentPostprocessing = 0;
		};
		CED1CA072C4055B10096AC05 /* Resources */ = {
			isa = PBXResourcesBuildPhase;
			buildActionMask = 2147483647;
			files = (
			);
			runOnlyForDeploymentPostprocessing = 0;
		};
		CED1CA112C4055B10096AC05 /* Resources */ = {
			isa = PBXResourcesBuildPhase;
			buildActionMask = 2147483647;
			files = (
			);
			runOnlyForDeploymentPostprocessing = 0;
		};
/* End PBXResourcesBuildPhase section */

/* Begin PBXSourcesBuildPhase section */
		CED1C9EF2C4055AE0096AC05 /* Sources */ = {
			isa = PBXSourcesBuildPhase;
			buildActionMask = 2147483647;
			files = (
				CED1C9FB2C4055AE0096AC05 /* ViewController.swift in Sources */,
				CED1C9F72C4055AE0096AC05 /* AppDelegate.swift in Sources */,
				CED1C9F92C4055AE0096AC05 /* SceneDelegate.swift in Sources */,
			);
			runOnlyForDeploymentPostprocessing = 0;
		};
		CED1CA052C4055B10096AC05 /* Sources */ = {
			isa = PBXSourcesBuildPhase;
			buildActionMask = 2147483647;
			files = (
				CED1CA0E2C4055B10096AC05 /* Clean_MVVM_modelTests.swift in Sources */,
			);
			runOnlyForDeploymentPostprocessing = 0;
		};
		CED1CA0F2C4055B10096AC05 /* Sources */ = {
			isa = PBXSourcesBuildPhase;
			buildActionMask = 2147483647;
			files = (
				CED1CA1A2C4055B10096AC05 /* Clean_MVVM_modelUITestsLaunchTests.swift in Sources */,
				CED1CA182C4055B10096AC05 /* Clean_MVVM_modelUITests.swift in Sources */,
			);
			runOnlyForDeploymentPostprocessing = 0;
		};
/* End PBXSourcesBuildPhase section */

/* Begin PBXTargetDependency section */
		CED1CA0B2C4055B10096AC05 /* PBXTargetDependency */ = {
			isa = PBXTargetDependency;
			target = CED1C9F22C4055AE0096AC05 /* Clean MVVM-model */;
			targetProxy = CED1CA0A2C4055B10096AC05 /* PBXContainerItemProxy */;
		};
		CED1CA152C4055B10096AC05 /* PBXTargetDependency */ = {
			isa = PBXTargetDependency;
			target = CED1C9F22C4055AE0096AC05 /* Clean MVVM-model */;
			targetProxy = CED1CA142C4055B10096AC05 /* PBXContainerItemProxy */;
		};
/* End PBXTargetDependency section */

/* Begin PBXVariantGroup section */
		CED1C9FC2C4055AE0096AC05 /* Main.storyboard */ = {
			isa = PBXVariantGroup;
			children = (
				CED1C9FD2C4055AE0096AC05 /* Base */,
			);
			name = Main.storyboard;
			sourceTree = "<group>";
		};
		CED1CA012C4055B00096AC05 /* LaunchScreen.storyboard */ = {
			isa = PBXVariantGroup;
			children = (
				CED1CA022C4055B00096AC05 /* Base */,
			);
			name = LaunchScreen.storyboard;
			sourceTree = "<group>";
		};
/* End PBXVariantGroup section */

/* Begin XCBuildConfiguration section */
		CED1CA1B2C4055B10096AC05 /* Debug */ = {
			isa = XCBuildConfiguration;
			buildSettings = {
				ALWAYS_SEARCH_USER_PATHS = NO;
				ASSETCATALOG_COMPILER_GENERATE_SWIFT_ASSET_SYMBOL_EXTENSIONS = YES;
				CLANG_ANALYZER_NONNULL = YES;
				CLANG_ANALYZER_NUMBER_OBJECT_CONVERSION = YES_AGGRESSIVE;
				CLANG_CXX_LANGUAGE_STANDARD = "gnu++20";
				CLANG_ENABLE_MODULES = YES;
				CLANG_ENABLE_OBJC_ARC = YES;
				CLANG_ENABLE_OBJC_WEAK = YES;
				CLANG_WARN_BLOCK_CAPTURE_AUTORELEASING = YES;
				CLANG_WARN_BOOL_CONVERSION = YES;
				CLANG_WARN_COMMA = YES;
				CLANG_WARN_CONSTANT_CONVERSION = YES;
				CLANG_WARN_DEPRECATED_OBJC_IMPLEMENTATIONS = YES;
				CLANG_WARN_DIRECT_OBJC_ISA_USAGE = YES_ERROR;
				CLANG_WARN_DOCUMENTATION_COMMENTS = YES;
				CLANG_WARN_EMPTY_BODY = YES;
				CLANG_WARN_ENUM_CONVERSION = YES;
				CLANG_WARN_INFINITE_RECURSION = YES;
				CLANG_WARN_INT_CONVERSION = YES;
				CLANG_WARN_NON_LITERAL_NULL_CONVERSION = YES;
				CLANG_WARN_OBJC_IMPLICIT_RETAIN_SELF = YES;
				CLANG_WARN_OBJC_LITERAL_CONVERSION = YES;
				CLANG_WARN_OBJC_ROOT_CLASS = YES_ERROR;
				CLANG_WARN_QUOTED_INCLUDE_IN_FRAMEWORK_HEADER = YES;
				CLANG_WARN_RANGE_LOOP_ANALYSIS = YES;
				CLANG_WARN_STRICT_PROTOTYPES = YES;
				CLANG_WARN_SUSPICIOUS_MOVE = YES;
				CLANG_WARN_UNGUARDED_AVAILABILITY = YES_AGGRESSIVE;
				CLANG_WARN_UNREACHABLE_CODE = YES;
				CLANG_WARN__DUPLICATE_METHOD_MATCH = YES;
				COPY_PHASE_STRIP = NO;
				DEBUG_INFORMATION_FORMAT = dwarf;
				ENABLE_STRICT_OBJC_MSGSEND = YES;
				ENABLE_TESTABILITY = YES;
				ENABLE_USER_SCRIPT_SANDBOXING = YES;
				GCC_C_LANGUAGE_STANDARD = gnu17;
				GCC_DYNAMIC_NO_PIC = NO;
				GCC_NO_COMMON_BLOCKS = YES;
				GCC_OPTIMIZATION_LEVEL = 0;
				GCC_PREPROCESSOR_DEFINITIONS = (
					"DEBUG=1",
					"$(inherited)",
				);
				GCC_WARN_64_TO_32_BIT_CONVERSION = YES;
				GCC_WARN_ABOUT_RETURN_TYPE = YES_ERROR;
				GCC_WARN_UNDECLARED_SELECTOR = YES;
				GCC_WARN_UNINITIALIZED_AUTOS = YES_AGGRESSIVE;
				GCC_WARN_UNUSED_FUNCTION = YES;
				GCC_WARN_UNUSED_VARIABLE = YES;
				IPHONEOS_DEPLOYMENT_TARGET = 17.5;
				LOCALIZATION_PREFERS_STRING_CATALOGS = YES;
				MTL_ENABLE_DEBUG_INFO = INCLUDE_SOURCE;
				MTL_FAST_MATH = YES;
				ONLY_ACTIVE_ARCH = YES;
				SDKROOT = iphoneos;
				SWIFT_ACTIVE_COMPILATION_CONDITIONS = "DEBUG $(inherited)";
				SWIFT_OPTIMIZATION_LEVEL = "-Onone";
			};
			name = Debug;
		};
		CED1CA1C2C4055B10096AC05 /* Release */ = {
			isa = XCBuildConfiguration;
			buildSettings = {
				ALWAYS_SEARCH_USER_PATHS = NO;
				ASSETCATALOG_COMPILER_GENERATE_SWIFT_ASSET_SYMBOL_EXTENSIONS = YES;
				CLANG_ANALYZER_NONNULL = YES;
				CLANG_ANALYZER_NUMBER_OBJECT_CONVERSION = YES_AGGRESSIVE;
				CLANG_CXX_LANGUAGE_STANDARD = "gnu++20";
				CLANG_ENABLE_MODULES = YES;
				CLANG_ENABLE_OBJC_ARC = YES;
				CLANG_ENABLE_OBJC_WEAK = YES;
				CLANG_WARN_BLOCK_CAPTURE_AUTORELEASING = YES;
				CLANG_WARN_BOOL_CONVERSION = YES;
				CLANG_WARN_COMMA = YES;
				CLANG_WARN_CONSTANT_CONVERSION = YES;
				CLANG_WARN_DEPRECATED_OBJC_IMPLEMENTATIONS = YES;
				CLANG_WARN_DIRECT_OBJC_ISA_USAGE = YES_ERROR;
				CLANG_WARN_DOCUMENTATION_COMMENTS = YES;
				CLANG_WARN_EMPTY_BODY = YES;
				CLANG_WARN_ENUM_CONVERSION = YES;
				CLANG_WARN_INFINITE_RECURSION = YES;
				CLANG_WARN_INT_CONVERSION = YES;
				CLANG_WARN_NON_LITERAL_NULL_CONVERSION = YES;
				CLANG_WARN_OBJC_IMPLICIT_RETAIN_SELF = YES;
				CLANG_WARN_OBJC_LITERAL_CONVERSION = YES;
				CLANG_WARN_OBJC_ROOT_CLASS = YES_ERROR;
				CLANG_WARN_QUOTED_INCLUDE_IN_FRAMEWORK_HEADER = YES;
				CLANG_WARN_RANGE_LOOP_ANALYSIS = YES;
				CLANG_WARN_STRICT_PROTOTYPES = YES;
				CLANG_WARN_SUSPICIOUS_MOVE = YES;
				CLANG_WARN_UNGUARDED_AVAILABILITY = YES_AGGRESSIVE;
				CLANG_WARN_UNREACHABLE_CODE = YES;
				CLANG_WARN__DUPLICATE_METHOD_MATCH = YES;
				COPY_PHASE_STRIP = NO;
				DEBUG_INFORMATION_FORMAT = "dwarf-with-dsym";
				ENABLE_NS_ASSERTIONS = NO;
				ENABLE_STRICT_OBJC_MSGSEND = YES;
				ENABLE_USER_SCRIPT_SANDBOXING = YES;
				GCC_C_LANGUAGE_STANDARD = gnu17;
				GCC_NO_COMMON_BLOCKS = YES;
				GCC_WARN_64_TO_32_BIT_CONVERSION = YES;
				GCC_WARN_ABOUT_RETURN_TYPE = YES_ERROR;
				GCC_WARN_UNDECLARED_SELECTOR = YES;
				GCC_WARN_UNINITIALIZED_AUTOS = YES_AGGRESSIVE;
				GCC_WARN_UNUSED_FUNCTION = YES;
				GCC_WARN_UNUSED_VARIABLE = YES;
				IPHONEOS_DEPLOYMENT_TARGET = 17.5;
				LOCALIZATION_PREFERS_STRING_CATALOGS = YES;
				MTL_ENABLE_DEBUG_INFO = NO;
				MTL_FAST_MATH = YES;
				SDKROOT = iphoneos;
				SWIFT_COMPILATION_MODE = wholemodule;
				VALIDATE_PRODUCT = YES;
			};
			name = Release;
		};
		CED1CA1E2C4055B10096AC05 /* Debug */ = {
			isa = XCBuildConfiguration;
			buildSettings = {
				ASSETCATALOG_COMPILER_APPICON_NAME = AppIcon;
				ASSETCATALOG_COMPILER_GLOBAL_ACCENT_COLOR_NAME = AccentColor;
				CODE_SIGN_STYLE = Automatic;
				CURRENT_PROJECT_VERSION = 1;
				DEVELOPMENT_TEAM = 4RFBW7F5HY;
				GENERATE_INFOPLIST_FILE = YES;
				INFOPLIST_FILE = "Clean MVVM-model/Info.plist";
				INFOPLIST_KEY_UIApplicationSupportsIndirectInputEvents = YES;
				INFOPLIST_KEY_UILaunchStoryboardName = LaunchScreen;
				INFOPLIST_KEY_UIMainStoryboardFile = Main;
				INFOPLIST_KEY_UISupportedInterfaceOrientations_iPad = "UIInterfaceOrientationPortrait UIInterfaceOrientationPortraitUpsideDown UIInterfaceOrientationLandscapeLeft UIInterfaceOrientationLandscapeRight";
				INFOPLIST_KEY_UISupportedInterfaceOrientations_iPhone = "UIInterfaceOrientationPortrait UIInterfaceOrientationLandscapeLeft UIInterfaceOrientationLandscapeRight";
				LD_RUNPATH_SEARCH_PATHS = (
					"$(inherited)",
					"@executable_path/Frameworks",
				);
				MARKETING_VERSION = 1.0;
				PRODUCT_BUNDLE_IDENTIFIER = "com.sadev.Clean-MVVM-model";
				PRODUCT_NAME = "$(TARGET_NAME)";
				SWIFT_EMIT_LOC_STRINGS = YES;
				SWIFT_VERSION = 5.0;
				TARGETED_DEVICE_FAMILY = "1,2";
			};
			name = Debug;
		};
		CED1CA1F2C4055B10096AC05 /* Release */ = {
			isa = XCBuildConfiguration;
			buildSettings = {
				ASSETCATALOG_COMPILER_APPICON_NAME = AppIcon;
				ASSETCATALOG_COMPILER_GLOBAL_ACCENT_COLOR_NAME = AccentColor;
				CODE_SIGN_STYLE = Automatic;
				CURRENT_PROJECT_VERSION = 1;
				DEVELOPMENT_TEAM = 4RFBW7F5HY;
				GENERATE_INFOPLIST_FILE = YES;
				INFOPLIST_FILE = "Clean MVVM-model/Info.plist";
				INFOPLIST_KEY_UIApplicationSupportsIndirectInputEvents = YES;
				INFOPLIST_KEY_UILaunchStoryboardName = LaunchScreen;
				INFOPLIST_KEY_UIMainStoryboardFile = Main;
				INFOPLIST_KEY_UISupportedInterfaceOrientations_iPad = "UIInterfaceOrientationPortrait UIInterfaceOrientationPortraitUpsideDown UIInterfaceOrientationLandscapeLeft UIInterfaceOrientationLandscapeRight";
				INFOPLIST_KEY_UISupportedInterfaceOrientations_iPhone = "UIInterfaceOrientationPortrait UIInterfaceOrientationLandscapeLeft UIInterfaceOrientationLandscapeRight";
				LD_RUNPATH_SEARCH_PATHS = (
					"$(inherited)",
					"@executable_path/Frameworks",
				);
				MARKETING_VERSION = 1.0;
				PRODUCT_BUNDLE_IDENTIFIER = "com.sadev.Clean-MVVM-model";
				PRODUCT_NAME = "$(TARGET_NAME)";
				SWIFT_EMIT_LOC_STRINGS = YES;
				SWIFT_VERSION = 5.0;
				TARGETED_DEVICE_FAMILY = "1,2";
			};
			name = Release;
		};
		CED1CA212C4055B10096AC05 /* Debug */ = {
			isa = XCBuildConfiguration;
			buildSettings = {
				ALWAYS_EMBED_SWIFT_STANDARD_LIBRARIES = YES;
				BUNDLE_LOADER = "$(TEST_HOST)";
				CODE_SIGN_STYLE = Automatic;
				CURRENT_PROJECT_VERSION = 1;
				DEVELOPMENT_TEAM = 4RFBW7F5HY;
				GENERATE_INFOPLIST_FILE = YES;
				IPHONEOS_DEPLOYMENT_TARGET = 17.5;
				MARKETING_VERSION = 1.0;
				PRODUCT_BUNDLE_IDENTIFIER = "com.sadev.Clean-MVVM-modelTests";
				PRODUCT_NAME = "$(TARGET_NAME)";
				SWIFT_EMIT_LOC_STRINGS = NO;
				SWIFT_VERSION = 5.0;
				TARGETED_DEVICE_FAMILY = "1,2";
				TEST_HOST = "$(BUILT_PRODUCTS_DIR)/Clean MVVM-model.app/$(BUNDLE_EXECUTABLE_FOLDER_PATH)/Clean MVVM-model";
			};
			name = Debug;
		};
		CED1CA222C4055B10096AC05 /* Release */ = {
			isa = XCBuildConfiguration;
			buildSettings = {
				ALWAYS_EMBED_SWIFT_STANDARD_LIBRARIES = YES;
				BUNDLE_LOADER = "$(TEST_HOST)";
				CODE_SIGN_STYLE = Automatic;
				CURRENT_PROJECT_VERSION = 1;
				DEVELOPMENT_TEAM = 4RFBW7F5HY;
				GENERATE_INFOPLIST_FILE = YES;
				IPHONEOS_DEPLOYMENT_TARGET = 17.5;
				MARKETING_VERSION = 1.0;
				PRODUCT_BUNDLE_IDENTIFIER = "com.sadev.Clean-MVVM-modelTests";
				PRODUCT_NAME = "$(TARGET_NAME)";
				SWIFT_EMIT_LOC_STRINGS = NO;
				SWIFT_VERSION = 5.0;
				TARGETED_DEVICE_FAMILY = "1,2";
				TEST_HOST = "$(BUILT_PRODUCTS_DIR)/Clean MVVM-model.app/$(BUNDLE_EXECUTABLE_FOLDER_PATH)/Clean MVVM-model";
			};
			name = Release;
		};
		CED1CA242C4055B10096AC05 /* Debug */ = {
			isa = XCBuildConfiguration;
			buildSettings = {
				ALWAYS_EMBED_SWIFT_STANDARD_LIBRARIES = YES;
				CODE_SIGN_STYLE = Automatic;
				CURRENT_PROJECT_VERSION = 1;
				DEVELOPMENT_TEAM = 4RFBW7F5HY;
				GENERATE_INFOPLIST_FILE = YES;
				MARKETING_VERSION = 1.0;
				PRODUCT_BUNDLE_IDENTIFIER = "com.sadev.Clean-MVVM-modelUITests";
				PRODUCT_NAME = "$(TARGET_NAME)";
				SWIFT_EMIT_LOC_STRINGS = NO;
				SWIFT_VERSION = 5.0;
				TARGETED_DEVICE_FAMILY = "1,2";
				TEST_TARGET_NAME = "Clean MVVM-model";
			};
			name = Debug;
		};
		CED1CA252C4055B10096AC05 /* Release */ = {
			isa = XCBuildConfiguration;
			buildSettings = {
				ALWAYS_EMBED_SWIFT_STANDARD_LIBRARIES = YES;
				CODE_SIGN_STYLE = Automatic;
				CURRENT_PROJECT_VERSION = 1;
				DEVELOPMENT_TEAM = 4RFBW7F5HY;
				GENERATE_INFOPLIST_FILE = YES;
				MARKETING_VERSION = 1.0;
				PRODUCT_BUNDLE_IDENTIFIER = "com.sadev.Clean-MVVM-modelUITests";
				PRODUCT_NAME = "$(TARGET_NAME)";
				SWIFT_EMIT_LOC_STRINGS = NO;
				SWIFT_VERSION = 5.0;
				TARGETED_DEVICE_FAMILY = "1,2";
				TEST_TARGET_NAME = "Clean MVVM-model";
			};
			name = Release;
		};
/* End XCBuildConfiguration section */

/* Begin XCConfigurationList section */
		CED1C9EE2C4055AE0096AC05 /* Build configuration list for PBXProject "Clean MVVM-model" */ = {
			isa = XCConfigurationList;
			buildConfigurations = (
				CED1CA1B2C4055B10096AC05 /* Debug */,
				CED1CA1C2C4055B10096AC05 /* Release */,
			);
			defaultConfigurationIsVisible = 0;
			defaultConfigurationName = Release;
		};
		CED1CA1D2C4055B10096AC05 /* Build configuration list for PBXNativeTarget "Clean MVVM-model" */ = {
			isa = XCConfigurationList;
			buildConfigurations = (
				CED1CA1E2C4055B10096AC05 /* Debug */,
				CED1CA1F2C4055B10096AC05 /* Release */,
			);
			defaultConfigurationIsVisible = 0;
			defaultConfigurationName = Release;
		};
		CED1CA202C4055B10096AC05 /* Build configuration list for PBXNativeTarget "Clean MVVM-modelTests" */ = {
			isa = XCConfigurationList;
			buildConfigurations = (
				CED1CA212C4055B10096AC05 /* Debug */,
				CED1CA222C4055B10096AC05 /* Release */,
			);
			defaultConfigurationIsVisible = 0;
			defaultConfigurationName = Release;
		};
		CED1CA232C4055B10096AC05 /* Build configuration list for PBXNativeTarget "Clean MVVM-modelUITests" */ = {
			isa = XCConfigurationList;
			buildConfigurations = (
				CED1CA242C4055B10096AC05 /* Debug */,
				CED1CA252C4055B10096AC05 /* Release */,
			);
			defaultConfigurationIsVisible = 0;
			defaultConfigurationName = Release;
		};
/* End XCConfigurationList section */
	};
	rootObject = CED1C9EB2C4055AE0096AC05 /* Project object */;
}
